// !$*UTF8*$!
{
	archiveVersion = 1;
	classes = {
	};
	objectVersion = 46;
	objects = {

/* Begin PBXBuildFile section */
		9B1EE5401AF3129200D4C053 /* main.cpp in Sources */ = {isa = PBXBuildFile; fileRef = 9B1EE53F1AF3129200D4C053 /* main.cpp */; };
		9B3DCC0E1BB8DF40007D947B /* Fault.cpp in Sources */ = {isa = PBXBuildFile; fileRef = 9B3DCC0D1BB8DF40007D947B /* Fault.cpp */; settings = {ASSET_TAGS = (); }; };
		9B52F8621AFC967500D6230E /* Gates.cpp in Sources */ = {isa = PBXBuildFile; fileRef = 9B52F8611AFC967500D6230E /* Gates.cpp */; };
		9B52F8651AFD4FAB00D6230E /* Circuit.cpp in Sources */ = {isa = PBXBuildFile; fileRef = 9B52F8631AFD4FAB00D6230E /* Circuit.cpp */; };
		9BA906331B4D6AD400B67D29 /* Args.cpp in Sources */ = {isa = PBXBuildFile; fileRef = 9BA906321B4D6AD400B67D29 /* Args.cpp */; };
		9BA906361B4D6FFA00B67D29 /* Simulator.cpp in Sources */ = {isa = PBXBuildFile; fileRef = 9BA906341B4D6FFA00B67D29 /* Simulator.cpp */; };
		9BA906381B4D7AAF00B67D29 /* EventWheel.cpp in Sources */ = {isa = PBXBuildFile; fileRef = 9BA906371B4D7AAF00B67D29 /* EventWheel.cpp */; };
		9BC55DB71B5D841600A080FF /* InputVector.cpp in Sources */ = {isa = PBXBuildFile; fileRef = 9BC55DB51B5D841600A080FF /* InputVector.cpp */; };
		9BD2C3371B9E2FB0007C9A3C /* UnitTests.cpp in Sources */ = {isa = PBXBuildFile; fileRef = 9BD2C3361B9E2FB0007C9A3C /* UnitTests.cpp */; };
/* End PBXBuildFile section */

/* Begin PBXCopyFilesBuildPhase section */
		9B1EE53A1AF3129100D4C053 /* CopyFiles */ = {
			isa = PBXCopyFilesBuildPhase;
			buildActionMask = 2147483647;
			dstPath = /usr/share/man/man1/;
			dstSubfolderSpec = 0;
			files = (
			);
			runOnlyForDeploymentPostprocessing = 1;
		};
/* End PBXCopyFilesBuildPhase section */

/* Begin PBXFileReference section */
		9B1EE53C1AF3129100D4C053 /* DelayAnnotatedSimulator */ = {isa = PBXFileReference; explicitFileType = "compiled.mach-o.executable"; includeInIndex = 0; path = DelayAnnotatedSimulator; sourceTree = BUILT_PRODUCTS_DIR; };
		9B1EE53F1AF3129200D4C053 /* main.cpp */ = {isa = PBXFileReference; lastKnownFileType = sourcecode.cpp.cpp; path = main.cpp; sourceTree = "<group>"; };
		9B1EE5461AF312AA00D4C053 /* Type.h */ = {isa = PBXFileReference; lastKnownFileType = sourcecode.c.h; path = Type.h; sourceTree = "<group>"; };
		9B1EE5471AF312BE00D4C053 /* EventWheel.h */ = {isa = PBXFileReference; lastKnownFileType = sourcecode.c.h; path = EventWheel.h; sourceTree = "<group>"; };
		9B1EE5481AF312D900D4C053 /* Gates.h */ = {isa = PBXFileReference; lastKnownFileType = sourcecode.c.h; lineEnding = 0; path = Gates.h; sourceTree = "<group>"; xcLanguageSpecificationIdentifier = xcode.lang.objcpp; };
		9B3DCC0D1BB8DF40007D947B /* Fault.cpp */ = {isa = PBXFileReference; fileEncoding = 4; lastKnownFileType = sourcecode.cpp.cpp; path = Fault.cpp; sourceTree = "<group>"; };
		9B52F8611AFC967500D6230E /* Gates.cpp */ = {isa = PBXFileReference; fileEncoding = 4; lastKnownFileType = sourcecode.cpp.cpp; path = Gates.cpp; sourceTree = "<group>"; };
		9B52F8631AFD4FAB00D6230E /* Circuit.cpp */ = {isa = PBXFileReference; fileEncoding = 4; lastKnownFileType = sourcecode.cpp.cpp; path = Circuit.cpp; sourceTree = "<group>"; };
		9B52F8641AFD4FAB00D6230E /* Circuit.h */ = {isa = PBXFileReference; fileEncoding = 4; lastKnownFileType = sourcecode.c.h; path = Circuit.h; sourceTree = "<group>"; };
		9BA906311B4C9D1D00B67D29 /* Args.h */ = {isa = PBXFileReference; lastKnownFileType = sourcecode.c.h; path = Args.h; sourceTree = "<group>"; };
		9BA906321B4D6AD400B67D29 /* Args.cpp */ = {isa = PBXFileReference; fileEncoding = 4; lastKnownFileType = sourcecode.cpp.cpp; path = Args.cpp; sourceTree = "<group>"; };
		9BA906341B4D6FFA00B67D29 /* Simulator.cpp */ = {isa = PBXFileReference; fileEncoding = 4; lastKnownFileType = sourcecode.cpp.cpp; path = Simulator.cpp; sourceTree = "<group>"; };
		9BA906351B4D6FFA00B67D29 /* Simulator.h */ = {isa = PBXFileReference; fileEncoding = 4; lastKnownFileType = sourcecode.c.h; path = Simulator.h; sourceTree = "<group>"; };
		9BA906371B4D7AAF00B67D29 /* EventWheel.cpp */ = {isa = PBXFileReference; fileEncoding = 4; lastKnownFileType = sourcecode.cpp.cpp; path = EventWheel.cpp; sourceTree = "<group>"; };
		9BAFC6381BA865C5006FCA9F /* Fault.h */ = {isa = PBXFileReference; fileEncoding = 4; lastKnownFileType = sourcecode.c.h; path = Fault.h; sourceTree = "<group>"; };
		9BC55DB51B5D841600A080FF /* InputVector.cpp */ = {isa = PBXFileReference; fileEncoding = 4; lastKnownFileType = sourcecode.cpp.cpp; path = InputVector.cpp; sourceTree = "<group>"; };
		9BC55DB61B5D841600A080FF /* InputVector.h */ = {isa = PBXFileReference; fileEncoding = 4; lastKnownFileType = sourcecode.c.h; path = InputVector.h; sourceTree = "<group>"; };
		9BD2C3361B9E2FB0007C9A3C /* UnitTests.cpp */ = {isa = PBXFileReference; fileEncoding = 4; lastKnownFileType = sourcecode.cpp.cpp; path = UnitTests.cpp; sourceTree = "<group>"; };
/* End PBXFileReference section */

/* Begin PBXFrameworksBuildPhase section */
		9B1EE5391AF3129100D4C053 /* Frameworks */ = {
			isa = PBXFrameworksBuildPhase;
			buildActionMask = 2147483647;
			files = (
			);
			runOnlyForDeploymentPostprocessing = 0;
		};
/* End PBXFrameworksBuildPhase section */

/* Begin PBXGroup section */
		9B1EE5331AF3129100D4C053 = {
			isa = PBXGroup;
			children = (
				9B1EE53E1AF3129100D4C053 /* DelayAnnotatedSimulator */,
				9B1EE53D1AF3129100D4C053 /* Products */,
			);
			sourceTree = "<group>";
		};
		9B1EE53D1AF3129100D4C053 /* Products */ = {
			isa = PBXGroup;
			children = (
				9B1EE53C1AF3129100D4C053 /* DelayAnnotatedSimulator */,
			);
			name = Products;
			sourceTree = "<group>";
		};
		9B1EE53E1AF3129100D4C053 /* DelayAnnotatedSimulator */ = {
			isa = PBXGroup;
			children = (
				9BA906351B4D6FFA00B67D29 /* Simulator.h */,
				9BA906341B4D6FFA00B67D29 /* Simulator.cpp */,
				9BC55DB61B5D841600A080FF /* InputVector.h */,
				9BC55DB51B5D841600A080FF /* InputVector.cpp */,
				9B1EE5471AF312BE00D4C053 /* EventWheel.h */,
				9BA906371B4D7AAF00B67D29 /* EventWheel.cpp */,
				9B1EE5481AF312D900D4C053 /* Gates.h */,
				9B52F8611AFC967500D6230E /* Gates.cpp */,
				9B52F8641AFD4FAB00D6230E /* Circuit.h */,
				9B52F8631AFD4FAB00D6230E /* Circuit.cpp */,
				9BA906311B4C9D1D00B67D29 /* Args.h */,
				9BA906321B4D6AD400B67D29 /* Args.cpp */,
				9BAFC6381BA865C5006FCA9F /* Fault.h */,
				9B3DCC0D1BB8DF40007D947B /* Fault.cpp */,
				9BD2C3361B9E2FB0007C9A3C /* UnitTests.cpp */,
				9B1EE53F1AF3129200D4C053 /* main.cpp */,
				9B1EE5461AF312AA00D4C053 /* Type.h */,
			);
			path = DelayAnnotatedSimulator;
			sourceTree = "<group>";
		};
/* End PBXGroup section */

/* Begin PBXNativeTarget section */
		9B1EE53B1AF3129100D4C053 /* DelayAnnotatedSimulator */ = {
			isa = PBXNativeTarget;
			buildConfigurationList = 9B1EE5431AF3129200D4C053 /* Build configuration list for PBXNativeTarget "DelayAnnotatedSimulator" */;
			buildPhases = (
				9B1EE5381AF3129100D4C053 /* Sources */,
				9B1EE5391AF3129100D4C053 /* Frameworks */,
				9B1EE53A1AF3129100D4C053 /* CopyFiles */,
			);
			buildRules = (
			);
			dependencies = (
			);
			name = DelayAnnotatedSimulator;
			productName = DelayAnnotatedSimulator;
			productReference = 9B1EE53C1AF3129100D4C053 /* DelayAnnotatedSimulator */;
			productType = "com.apple.product-type.tool";
		};
/* End PBXNativeTarget section */

/* Begin PBXProject section */
		9B1EE5341AF3129100D4C053 /* Project object */ = {
			isa = PBXProject;
			attributes = {
				LastUpgradeCheck = 0700;
				ORGANIZATIONNAME = "Kelson Gent";
				TargetAttributes = {
					9B1EE53B1AF3129100D4C053 = {
						CreatedOnToolsVersion = 6.3.1;
					};
				};
			};
			buildConfigurationList = 9B1EE5371AF3129100D4C053 /* Build configuration list for PBXProject "DelayAnnotatedSimulator" */;
			compatibilityVersion = "Xcode 3.2";
			developmentRegion = English;
			hasScannedForEncodings = 0;
			knownRegions = (
				en,
			);
			mainGroup = 9B1EE5331AF3129100D4C053;
			productRefGroup = 9B1EE53D1AF3129100D4C053 /* Products */;
			projectDirPath = "";
			projectRoot = "";
			targets = (
				9B1EE53B1AF3129100D4C053 /* DelayAnnotatedSimulator */,
			);
		};
/* End PBXProject section */

/* Begin PBXSourcesBuildPhase section */
		9B1EE5381AF3129100D4C053 /* Sources */ = {
			isa = PBXSourcesBuildPhase;
			buildActionMask = 2147483647;
			files = (
				9B52F8621AFC967500D6230E /* Gates.cpp in Sources */,
				9B3DCC0E1BB8DF40007D947B /* Fault.cpp in Sources */,
				9BD2C3371B9E2FB0007C9A3C /* UnitTests.cpp in Sources */,
				9B1EE5401AF3129200D4C053 /* main.cpp in Sources */,
				9BA906381B4D7AAF00B67D29 /* EventWheel.cpp in Sources */,
				9BC55DB71B5D841600A080FF /* InputVector.cpp in Sources */,
				9BA906331B4D6AD400B67D29 /* Args.cpp in Sources */,
				9BA906361B4D6FFA00B67D29 /* Simulator.cpp in Sources */,
				9B52F8651AFD4FAB00D6230E /* Circuit.cpp in Sources */,
			);
			runOnlyForDeploymentPostprocessing = 0;
		};
/* End PBXSourcesBuildPhase section */

/* Begin XCBuildConfiguration section */
		9B1EE5411AF3129200D4C053 /* Debug */ = {
			isa = XCBuildConfiguration;
			buildSettings = {
				ALWAYS_SEARCH_USER_PATHS = NO;
				CLANG_CXX_LANGUAGE_STANDARD = "gnu++0x";
				CLANG_CXX_LIBRARY = "libc++";
				CLANG_ENABLE_MODULES = YES;
				CLANG_ENABLE_OBJC_ARC = YES;
				CLANG_WARN_BOOL_CONVERSION = YES;
				CLANG_WARN_CONSTANT_CONVERSION = YES;
				CLANG_WARN_DIRECT_OBJC_ISA_USAGE = YES_ERROR;
				CLANG_WARN_EMPTY_BODY = YES;
				CLANG_WARN_ENUM_CONVERSION = YES;
				CLANG_WARN_INT_CONVERSION = YES;
				CLANG_WARN_OBJC_ROOT_CLASS = YES_ERROR;
				CLANG_WARN_UNREACHABLE_CODE = YES;
				CLANG_WARN__DUPLICATE_METHOD_MATCH = YES;
				COPY_PHASE_STRIP = NO;
				DEBUG_INFORMATION_FORMAT = dwarf;
				ENABLE_STRICT_OBJC_MSGSEND = YES;
				ENABLE_TESTABILITY = YES;
				GCC_C_LANGUAGE_STANDARD = gnu99;
				GCC_DYNAMIC_NO_PIC = NO;
				GCC_NO_COMMON_BLOCKS = YES;
				GCC_OPTIMIZATION_LEVEL = 0;
				GCC_PREPROCESSOR_DEFINITIONS = (
					"DEBUG=1",
					"$(inherited)",
				);
				GCC_SYMBOLS_PRIVATE_EXTERN = NO;
				GCC_WARN_64_TO_32_BIT_CONVERSION = YES;
				GCC_WARN_ABOUT_RETURN_TYPE = YES_ERROR;
				GCC_WARN_UNDECLARED_SELECTOR = YES;
				GCC_WARN_UNINITIALIZED_AUTOS = YES_AGGRESSIVE;
				GCC_WARN_UNUSED_FUNCTION = YES;
				GCC_WARN_UNUSED_VARIABLE = YES;
				MACOSX_DEPLOYMENT_TARGET = 10.10;
				MTL_ENABLE_DEBUG_INFO = YES;
				ONLY_ACTIVE_ARCH = YES;
				SDKROOT = macosx;
			};
			name = Debug;
		};
		9B1EE5421AF3129200D4C053 /* Release */ = {
			isa = XCBuildConfiguration;
			buildSettings = {
				ALWAYS_SEARCH_USER_PATHS = NO;
				CLANG_CXX_LANGUAGE_STANDARD = "gnu++0x";
				CLANG_CXX_LIBRARY = "libc++";
				CLANG_ENABLE_MODULES = YES;
				CLANG_ENABLE_OBJC_ARC = YES;
				CLANG_WARN_BOOL_CONVERSION = YES;
				CLANG_WARN_CONSTANT_CONVERSION = YES;
				CLANG_WARN_DIRECT_OBJC_ISA_USAGE = YES_ERROR;
				CLANG_WARN_EMPTY_BODY = YES;
				CLANG_WARN_ENUM_CONVERSION = YES;
				CLANG_WARN_INT_CONVERSION = YES;
				CLANG_WARN_OBJC_ROOT_CLASS = YES_ERROR;
				CLANG_WARN_UNREACHABLE_CODE = YES;
				CLANG_WARN__DUPLICATE_METHOD_MATCH = YES;
				COPY_PHASE_STRIP = NO;
				DEBUG_INFORMATION_FORMAT = "dwarf-with-dsym";
				ENABLE_NS_ASSERTIONS = NO;
				ENABLE_STRICT_OBJC_MSGSEND = YES;
				GCC_C_LANGUAGE_STANDARD = gnu99;
				GCC_NO_COMMON_BLOCKS = YES;
				GCC_WARN_64_TO_32_BIT_CONVERSION = YES;
				GCC_WARN_ABOUT_RETURN_TYPE = YES_ERROR;
				GCC_WARN_UNDECLARED_SELECTOR = YES;
				GCC_WARN_UNINITIALIZED_AUTOS = YES_AGGRESSIVE;
				GCC_WARN_UNUSED_FUNCTION = YES;
				GCC_WARN_UNUSED_VARIABLE = YES;
				MACOSX_DEPLOYMENT_TARGET = 10.10;
				MTL_ENABLE_DEBUG_INFO = NO;
				SDKROOT = macosx;
			};
			name = Release;
		};
		9B1EE5441AF3129200D4C053 /* Debug */ = {
			isa = XCBuildConfiguration;
			buildSettings = {
				OTHER_LDFLAGS = "-v";
				PRODUCT_NAME = "$(TARGET_NAME)";
			};
			name = Debug;
		};
		9B1EE5451AF3129200D4C053 /* Release */ = {
			isa = XCBuildConfiguration;
			buildSettings = {
				ONLY_ACTIVE_ARCH = NO;
				OTHER_LDFLAGS = "-v";
				PRODUCT_NAME = "$(TARGET_NAME)";
			};
			name = Release;
		};
/* End XCBuildConfiguration section */

/* Begin XCConfigurationList section */
		9B1EE5371AF3129100D4C053 /* Build configuration list for PBXProject "DelayAnnotatedSimulator" */ = {
			isa = XCConfigurationList;
			buildConfigurations = (
				9B1EE5411AF3129200D4C053 /* Debug */,
				9B1EE5421AF3129200D4C053 /* Release */,
			);
			defaultConfigurationIsVisible = 0;
			defaultConfigurationName = Release;
		};
		9B1EE5431AF3129200D4C053 /* Build configuration list for PBXNativeTarget "DelayAnnotatedSimulator" */ = {
			isa = XCConfigurationList;
			buildConfigurations = (
				9B1EE5441AF3129200D4C053 /* Debug */,
				9B1EE5451AF3129200D4C053 /* Release */,
			);
			defaultConfigurationIsVisible = 0;
			defaultConfigurationName = Release;
		};
/* End XCConfigurationList section */
	};
	rootObject = 9B1EE5341AF3129100D4C053 /* Project object */;
}
