<?xml version="1.0" encoding="UTF-8"?>
<Scheme
   LastUpgradeVersion = "0700"
   version = "1.3">
   <BuildAction
      parallelizeBuildables = "YES"
      buildImplicitDependencies = "YES">
      <BuildActionEntries>
         <BuildActionEntry
            buildForTesting = "YES"
            buildForRunning = "YES"
            buildForProfiling = "YES"
            buildForArchiving = "YES"
            buildForAnalyzing = "YES">
            <BuildableReference
               BuildableIdentifier = "primary"
               BlueprintIdentifier = "9B1EE53B1AF3129100D4C053"
               BuildableName = "DelayAnnotatedSimulator"
               BlueprintName = "DelayAnnotatedSimulator"
               ReferencedContainer = "container:DelayAnnotatedSimulator.xcodeproj">
            </BuildableReference>
         </BuildActionEntry>
      </BuildActionEntries>
   </BuildAction>
   <TestAction
      buildConfiguration = "Debug"
      selectedDebuggerIdentifier = "Xcode.DebuggerFoundation.Debugger.LLDB"
      selectedLauncherIdentifier = "Xcode.DebuggerFoundation.Launcher.LLDB"
      shouldUseLaunchSchemeArgsEnv = "YES">
      <Testables>
      </Testables>
      <MacroExpansion>
         <BuildableReference
            BuildableIdentifier = "primary"
            BlueprintIdentifier = "9B1EE53B1AF3129100D4C053"
            BuildableName = "DelayAnnotatedSimulator"
            BlueprintName = "DelayAnnotatedSimulator"
            ReferencedContainer = "container:DelayAnnotatedSimulator.xcodeproj">
         </BuildableReference>
      </MacroExpansion>
      <AdditionalOptions>
      </AdditionalOptions>
   </TestAction>
   <LaunchAction
      buildConfiguration = "Debug"
      selectedDebuggerIdentifier = "Xcode.DebuggerFoundation.Debugger.LLDB"
      selectedLauncherIdentifier = "Xcode.DebuggerFoundation.Launcher.LLDB"
      launchStyle = "0"
      useCustomWorkingDirectory = "NO"
      ignoresPersistentStateOnLaunch = "NO"
      debugDocumentVersioning = "YES"
      debugServiceExtension = "internal"
      enableGPUFrameCaptureMode = "2"
      allowLocationSimulation = "YES">
      <BuildableProductRunnable
         runnableDebuggingMode = "0">
         <BuildableReference
            BuildableIdentifier = "primary"
            BlueprintIdentifier = "9B1EE53B1AF3129100D4C053"
            BuildableName = "DelayAnnotatedSimulator"
            BlueprintName = "DelayAnnotatedSimulator"
            ReferencedContainer = "container:DelayAnnotatedSimulator.xcodeproj">
         </BuildableReference>
      </BuildableProductRunnable>
      <CommandLineArguments>
         <CommandLineArgument
            argument = "-ckt"
            isEnabled = "YES">
         </CommandLineArgument>
         <CommandLineArgument
            argument = "c432"
            isEnabled = "NO">
         </CommandLineArgument>
         <CommandLineArgument
            argument = "b12rst"
            isEnabled = "NO">
         </CommandLineArgument>
         <CommandLineArgument
            argument = "b10rst"
            isEnabled = "YES">
         </CommandLineArgument>
         <CommandLineArgument
            argument = "b01rst"
            isEnabled = "NO">
         </CommandLineArgument>
         <CommandLineArgument
            argument = "c17"
            isEnabled = "NO">
         </CommandLineArgument>
         <CommandLineArgument
            argument = "-vec"
            isEnabled = "YES">
         </CommandLineArgument>
         <CommandLineArgument
            argument = "-wpo"
            isEnabled = "YES">
         </CommandLineArgument>
      </CommandLineArguments>
      <AdditionalOptions>
      </AdditionalOptions>
   </LaunchAction>
   <ProfileAction
      buildConfiguration = "Release"
      shouldUseLaunchSchemeArgsEnv = "YES"
      savedToolIdentifier = "/Applications/Xcode.app/Contents/Applications/Instruments.app/Contents/Resources/templates/Time Profiler.tracetemplate"
      useCustomWorkingDirectory = "NO"
      debugDocumentVersioning = "YES">
      <BuildableProductRunnable
         runnableDebuggingMode = "0">
         <BuildableReference
            BuildableIdentifier = "primary"
            BlueprintIdentifier = "9B1EE53B1AF3129100D4C053"
            BuildableName = "DelayAnnotatedSimulator"
            BlueprintName = "DelayAnnotatedSimulator"
            ReferencedContainer = "container:DelayAnnotatedSimulator.xcodeproj">
         </BuildableReference>
      </BuildableProductRunnable>
   </ProfileAction>
   <AnalyzeAction
      buildConfiguration = "Debug">
   </AnalyzeAction>
   <ArchiveAction
      buildConfiguration = "Release"
      revealArchiveInOrganizer = "YES">
   </ArchiveAction>
</Scheme>
